
Microsoft Visual Studio Solution File, Format Version 12.00
# Visual Studio Version 17
VisualStudioVersion = 17.13.35806.99 d17.13
MinimumVisualStudioVersion = 10.0.40219.1
Project("{FAE04EC0-301F-11D3-BF4B-00C04F79EFBC}") = "Dexian.API", "Dexian.API\Dexian.API.csproj", "{B405C2A4-39ED-4FDF-BF83-4C2DAC066D87}"
EndProject
Project("{FAE04EC0-301F-11D3-BF4B-00C04F79EFBC}") = "Dexian.Application", "Dexian.Application\Dexian.Application.csproj", "{4ADAB47E-AB74-48F8-8A64-12569DA398EE}"
EndProject
Project("{FAE04EC0-301F-11D3-BF4B-00C04F79EFBC}") = "Dexian.Domain", "Dexian.Domain\Dexian.Domain.csproj", "{31AB50B4-16A0-4A8C-BCC9-AE8459EA98CA}"
EndProject
Project("{FAE04EC0-301F-11D3-BF4B-00C04F79EFBC}") = "Dexian.Data", "Dexian.Data\Dexian.Data.csproj", "{CD30564C-3FD6-4A3C-8360-C881A34D4756}"
EndProject
Project("{FAE04EC0-301F-11D3-BF4B-00C04F79EFBC}") = "Dexian.IoC", "Dexian.IoC\Dexian.IoC.csproj", "{C11B3AA2-A20B-473F-A4A8-2BF53E03FC0B}"
EndProject
Global
	GlobalSection(SolutionConfigurationPlatforms) = preSolution
		Debug|Any CPU = Debug|Any CPU
		Release|Any CPU = Release|Any CPU
	EndGlobalSection
	GlobalSection(ProjectConfigurationPlatforms) = postSolution
		{B405C2A4-39ED-4FDF-BF83-4C2DAC066D87}.Debug|Any CPU.ActiveCfg = Debug|Any CPU
		{B405C2A4-39ED-4FDF-BF83-4C2DAC066D87}.Debug|Any CPU.Build.0 = Debug|Any CPU
		{B405C2A4-39ED-4FDF-BF83-4C2DAC066D87}.Release|Any CPU.ActiveCfg = Release|Any CPU
		{B405C2A4-39ED-4FDF-BF83-4C2DAC066D87}.Release|Any CPU.Build.0 = Release|Any CPU
		{4ADAB47E-AB74-48F8-8A64-12569DA398EE}.Debug|Any CPU.ActiveCfg = Debug|Any CPU
		{4ADAB47E-AB74-48F8-8A64-12569DA398EE}.Debug|Any CPU.Build.0 = Debug|Any CPU
		{4ADAB47E-AB74-48F8-8A64-12569DA398EE}.Release|Any CPU.ActiveCfg = Release|Any CPU
		{4ADAB47E-AB74-48F8-8A64-12569DA398EE}.Release|Any CPU.Build.0 = Release|Any CPU
		{31AB50B4-16A0-4A8C-BCC9-AE8459EA98CA}.Debug|Any CPU.ActiveCfg = Debug|Any CPU
		{31AB50B4-16A0-4A8C-BCC9-AE8459EA98CA}.Debug|Any CPU.Build.0 = Debug|Any CPU
		{31AB50B4-16A0-4A8C-BCC9-AE8459EA98CA}.Release|Any CPU.ActiveCfg = Release|Any CPU
		{31AB50B4-16A0-4A8C-BCC9-AE8459EA98CA}.Release|Any CPU.Build.0 = Release|Any CPU
		{CD30564C-3FD6-4A3C-8360-C881A34D4756}.Debug|Any CPU.ActiveCfg = Debug|Any CPU
		{CD30564C-3FD6-4A3C-8360-C881A34D4756}.Debug|Any CPU.Build.0 = Debug|Any CPU
		{CD30564C-3FD6-4A3C-8360-C881A34D4756}.Release|Any CPU.ActiveCfg = Release|Any CPU
		{CD30564C-3FD6-4A3C-8360-C881A34D4756}.Release|Any CPU.Build.0 = Release|Any CPU
		{C11B3AA2-A20B-473F-A4A8-2BF53E03FC0B}.Debug|Any CPU.ActiveCfg = Debug|Any CPU
		{C11B3AA2-A20B-473F-A4A8-2BF53E03FC0B}.Debug|Any CPU.Build.0 = Debug|Any CPU
		{C11B3AA2-A20B-473F-A4A8-2BF53E03FC0B}.Release|Any CPU.ActiveCfg = Release|Any CPU
		{C11B3AA2-A20B-473F-A4A8-2BF53E03FC0B}.Release|Any CPU.Build.0 = Release|Any CPU
	EndGlobalSection
	GlobalSection(SolutionProperties) = preSolution
		HideSolutionNode = FALSE
	EndGlobalSection
	GlobalSection(ExtensibilityGlobals) = postSolution
		SolutionGuid = {98F0E066-0F04-45FA-B6F1-8CC868D6594F}
	EndGlobalSection
EndGlobal
